
Microsoft Visual Studio Solution File, Format Version 12.00
# Visual Studio Version 16
VisualStudioVersion = 16.0.29728.190
MinimumVisualStudioVersion = 10.0.40219.1
Project("{FAE04EC0-301F-11D3-BF4B-00C04F79EFBC}") = "MathLib", "Util\MathLib.csproj", "{118162EF-6CF1-46A4-9334-E682AEBCA90B}"
EndProject
Project("{FAE04EC0-301F-11D3-BF4B-00C04F79EFBC}") = "Main", "Main\Main.csproj", "{7D3EA0D4-A13B-46A0-BAF2-1329D2DDD59A}"
EndProject
Project("{9A19103F-16F7-4668-BE54-9A1E7A4F7556}") = "Test", "Test\Test.csproj", "{571F4B25-5360-47F4-8842-603DF81FE455}"
EndProject
Global
	GlobalSection(SolutionConfigurationPlatforms) = preSolution
		Debug|Any CPU = Debug|Any CPU
		Release|Any CPU = Release|Any CPU
	EndGlobalSection
	GlobalSection(ProjectConfigurationPlatforms) = postSolution
		{118162EF-6CF1-46A4-9334-E682AEBCA90B}.Debug|Any CPU.ActiveCfg = Debug|Any CPU
		{118162EF-6CF1-46A4-9334-E682AEBCA90B}.Debug|Any CPU.Build.0 = Debug|Any CPU
		{118162EF-6CF1-46A4-9334-E682AEBCA90B}.Release|Any CPU.ActiveCfg = Release|Any CPU
		{118162EF-6CF1-46A4-9334-E682AEBCA90B}.Release|Any CPU.Build.0 = Release|Any CPU
		{7D3EA0D4-A13B-46A0-BAF2-1329D2DDD59A}.Debug|Any CPU.ActiveCfg = Debug|Any CPU
		{7D3EA0D4-A13B-46A0-BAF2-1329D2DDD59A}.Debug|Any CPU.Build.0 = Debug|Any CPU
		{7D3EA0D4-A13B-46A0-BAF2-1329D2DDD59A}.Release|Any CPU.ActiveCfg = Release|Any CPU
		{7D3EA0D4-A13B-46A0-BAF2-1329D2DDD59A}.Release|Any CPU.Build.0 = Release|Any CPU
		{571F4B25-5360-47F4-8842-603DF81FE455}.Debug|Any CPU.ActiveCfg = Debug|Any CPU
		{571F4B25-5360-47F4-8842-603DF81FE455}.Debug|Any CPU.Build.0 = Debug|Any CPU
		{571F4B25-5360-47F4-8842-603DF81FE455}.Release|Any CPU.ActiveCfg = Release|Any CPU
		{571F4B25-5360-47F4-8842-603DF81FE455}.Release|Any CPU.Build.0 = Release|Any CPU
	EndGlobalSection
	GlobalSection(SolutionProperties) = preSolution
		HideSolutionNode = FALSE
	EndGlobalSection
	GlobalSection(ExtensibilityGlobals) = postSolution
		SolutionGuid = {E66469DC-53DB-4660-9021-81911655E42C}
	EndGlobalSection
EndGlobal
